
Microsoft Visual Studio Solution File, Format Version 12.00
# Visual Studio Version 17
VisualStudioVersion = 17.5.002.0
MinimumVisualStudioVersion = 10.0.40219.1
Project("{9A19103F-16F7-4668-BE54-9A1E7A4F7556}") = "Premio", "Premio.csproj", "{90E76652-6D83-4C91-8B9F-EDAC283B638E}"
EndProject
Global
	GlobalSection(SolutionConfigurationPlatforms) = preSolution
		Debug|Any CPU = Debug|Any CPU
		Release|Any CPU = Release|Any CPU
	EndGlobalSection
	GlobalSection(ProjectConfigurationPlatforms) = postSolution
		{90E76652-6D83-4C91-8B9F-EDAC283B638E}.Debug|Any CPU.ActiveCfg = Debug|Any CPU
		{90E76652-6D83-4C91-8B9F-EDAC283B638E}.Debug|Any CPU.Build.0 = Debug|Any CPU
		{90E76652-6D83-4C91-8B9F-EDAC283B638E}.Release|Any CPU.ActiveCfg = Release|Any CPU
		{90E76652-6D83-4C91-8B9F-EDAC283B638E}.Release|Any CPU.Build.0 = Release|Any CPU
	EndGlobalSection
	GlobalSection(SolutionProperties) = preSolution
		HideSolutionNode = FALSE
	EndGlobalSection
	GlobalSection(ExtensibilityGlobals) = postSolution
		SolutionGuid = {19E08814-F17D-40EC-8D86-985A5439567F}
	EndGlobalSection
EndGlobal
